# THIS IS AN AUTOGENERATED FILE. DO NOT EDIT THIS FILE DIRECTLY.
# yarn lockfile v1


"@types/args@^5.0.0":
  "version" "5.0.0"

"@types/figlet@^1.5.6":
  "version" "1.5.6"

"@types/inquirer@^9.0.3":
  "version" "9.0.3"
  dependencies:
    "@types/through" "*"
    "rxjs" "^7.2.0"

"@types/node@*", "@types/node@^20.4.2":
  "version" "20.4.2"

"@types/progress@^2.0.5":
  "version" "2.0.5"
  dependencies:
    "@types/node" "*"

"@types/through@*":
  "version" "0.0.30"
  dependencies:
    "@types/node" "*"

"ansi-escapes@^4.3.2":
  "version" "4.3.2"
  dependencies:
    "type-fest" "^0.21.3"

"ansi-regex@^5.0.1":
  "version" "5.0.1"

"ansi-styles@^3.2.1":
  "version" "3.2.1"
  dependencies:
    "color-convert" "^1.9.0"

"ansi-styles@^4.0.0", "ansi-styles@^4.1.0":
  "version" "4.3.0"
  dependencies:
    "color-convert" "^2.0.1"

"args@^5.0.3":
  "version" "5.0.3"
  dependencies:
    "camelcase" "5.0.0"
    "chalk" "2.4.2"
    "leven" "2.1.0"
    "mri" "1.1.4"

"base64-js@^1.3.1":
  "version" "1.5.1"

"bl@^4.1.0":
  "version" "4.1.0"
  dependencies:
    "buffer" "^5.5.0"
    "inherits" "^2.0.4"
    "readable-stream" "^3.4.0"

"buffer@^5.5.0":
  "version" "5.7.1"
  dependencies:
    "base64-js" "^1.3.1"
    "ieee754" "^1.1.13"

"camelcase@5.0.0":
  "version" "5.0.0"

"chalk@^4.1.0":
  "version" "4.1.2"
  dependencies:
    "ansi-styles" "^4.1.0"
    "supports-color" "^7.1.0"

"chalk@^5.3.0":
  "version" "5.3.0"

"chalk@2.4.2":
  "version" "2.4.2"
  dependencies:
    "ansi-styles" "^3.2.1"
    "escape-string-regexp" "^1.0.5"
    "supports-color" "^5.3.0"

"chardet@^0.7.0":
  "version" "0.7.0"

"cli-cursor@^3.1.0":
  "version" "3.1.0"
  dependencies:
    "restore-cursor" "^3.1.0"

"cli-spinners@^2.5.0":
  "version" "2.9.0"

"cli-width@^4.0.0":
  "version" "4.0.0"

"clone@^1.0.2":
  "version" "1.0.4"

"color-convert@^1.9.0":
  "version" "1.9.3"
  dependencies:
    "color-name" "1.1.3"

"color-convert@^2.0.1":
  "version" "2.0.1"
  dependencies:
    "color-name" "~1.1.4"

"color-name@~1.1.4":
  "version" "1.1.4"

"color-name@1.1.3":
  "version" "1.1.3"

"commander@^11.0.0":
  "version" "11.0.0"

"defaults@^1.0.3":
  "version" "1.0.4"
  dependencies:
    "clone" "^1.0.2"

"emoji-regex@^8.0.0":
  "version" "8.0.0"

"escape-string-regexp@^1.0.5":
  "version" "1.0.5"

"escape-string-regexp@^5.0.0":
  "version" "5.0.0"

"external-editor@^3.0.3":
  "version" "3.1.0"
  dependencies:
    "chardet" "^0.7.0"
    "iconv-lite" "^0.4.24"
    "tmp" "^0.0.33"

"figlet@^1.6.0":
  "version" "1.6.0"

"figures@^5.0.0":
  "version" "5.0.0"
  dependencies:
    "escape-string-regexp" "^5.0.0"
    "is-unicode-supported" "^1.2.0"

"has-flag@^3.0.0":
  "version" "3.0.0"

"has-flag@^4.0.0":
  "version" "4.0.0"

"iconv-lite@^0.4.24":
  "version" "0.4.24"
  dependencies:
    "safer-buffer" ">= 2.1.2 < 3"

"ieee754@^1.1.13":
  "version" "1.2.1"

"inherits@^2.0.3", "inherits@^2.0.4":
  "version" "2.0.4"

"inquirer@^9.2.8":
  "version" "9.2.8"
  dependencies:
    "ansi-escapes" "^4.3.2"
    "chalk" "^5.3.0"
    "cli-cursor" "^3.1.0"
    "cli-width" "^4.0.0"
    "external-editor" "^3.0.3"
    "figures" "^5.0.0"
    "lodash" "^4.17.21"
    "mute-stream" "1.0.0"
    "ora" "^5.4.1"
    "run-async" "^3.0.0"
    "rxjs" "^7.8.1"
    "string-width" "^4.2.3"
    "strip-ansi" "^6.0.1"
    "through" "^2.3.6"
    "wrap-ansi" "^6.0.1"

"is-fullwidth-code-point@^3.0.0":
  "version" "3.0.0"

"is-interactive@^1.0.0":
  "version" "1.0.0"

"is-unicode-supported@^0.1.0":
  "version" "0.1.0"

"is-unicode-supported@^1.2.0":
  "version" "1.3.0"

"leven@2.1.0":
  "version" "2.1.0"

"lodash@^4.17.21":
  "version" "4.17.21"

"log-symbols@^4.1.0":
  "version" "4.1.0"
  dependencies:
    "chalk" "^4.1.0"
    "is-unicode-supported" "^0.1.0"

"mimic-fn@^2.1.0":
  "version" "2.1.0"

"mri@1.1.4":
  "version" "1.1.4"

"mute-stream@1.0.0":
  "version" "1.0.0"

"onetime@^5.1.0":
  "version" "5.1.2"
  dependencies:
    "mimic-fn" "^2.1.0"

"ora@^5.4.1":
  "version" "5.4.1"
  dependencies:
    "bl" "^4.1.0"
    "chalk" "^4.1.0"
    "cli-cursor" "^3.1.0"
    "cli-spinners" "^2.5.0"
    "is-interactive" "^1.0.0"
    "is-unicode-supported" "^0.1.0"
    "log-symbols" "^4.1.0"
    "strip-ansi" "^6.0.0"
    "wcwidth" "^1.0.1"

"os-tmpdir@~1.0.2":
  "version" "1.0.2"

"progress@^2.0.3":
  "version" "2.0.3"

"readable-stream@^3.4.0":
  "version" "3.6.2"
  dependencies:
    "inherits" "^2.0.3"
    "string_decoder" "^1.1.1"
    "util-deprecate" "^1.0.1"

"restore-cursor@^3.1.0":
  "version" "3.1.0"
  dependencies:
    "onetime" "^5.1.0"
    "signal-exit" "^3.0.2"

"run-async@^3.0.0":
  "version" "3.0.0"

"rxjs@^7.2.0", "rxjs@^7.8.1":
  "version" "7.8.1"
  dependencies:
    "tslib" "^2.1.0"

"safe-buffer@~5.2.0":
  "version" "5.2.1"

"safer-buffer@>= 2.1.2 < 3":
  "version" "2.1.2"

"signal-exit@^3.0.2":
  "version" "3.0.7"

"string_decoder@^1.1.1":
  "version" "1.3.0"
  dependencies:
    "safe-buffer" "~5.2.0"

"string-width@^4.1.0", "string-width@^4.2.3":
  "version" "4.2.3"
  dependencies:
    "emoji-regex" "^8.0.0"
    "is-fullwidth-code-point" "^3.0.0"
    "strip-ansi" "^6.0.1"

"strip-ansi@^6.0.0", "strip-ansi@^6.0.1":
  "version" "6.0.1"
  dependencies:
    "ansi-regex" "^5.0.1"

"supports-color@^5.3.0":
  "version" "5.5.0"
  dependencies:
    "has-flag" "^3.0.0"

"supports-color@^7.1.0":
  "version" "7.2.0"
  dependencies:
    "has-flag" "^4.0.0"

"through@^2.3.6":
  "version" "2.3.8"

"tmp@^0.0.33":
  "version" "0.0.33"
  dependencies:
    "os-tmpdir" "~1.0.2"

"tslib@^2.1.0":
  "version" "2.6.0"

"type-fest@^0.21.3":
  "version" "0.21.3"

"typescript@^5.1.6":
  "version" "5.1.6"

"util-deprecate@^1.0.1":
  "version" "1.0.2"

"wcwidth@^1.0.1":
  "version" "1.0.1"
  dependencies:
    "defaults" "^1.0.3"

"wrap-ansi@^6.0.1":
  "version" "6.2.0"
  dependencies:
    "ansi-styles" "^4.0.0"
    "string-width" "^4.1.0"
    "strip-ansi" "^6.0.0"
